
Microsoft Visual Studio Solution File, Format Version 12.00
# Visual Studio Version 16
VisualStudioVersion = 16.0.34407.143
MinimumVisualStudioVersion = 10.0.40219.1
Project("{FAE04EC0-301F-11D3-BF4B-00C04F79EFBC}") = "Oop", "Oop\Oop.csproj", "{85A19484-C856-4B19-A3F7-6102D1C8559A}"
EndProject
Global
	GlobalSection(SolutionConfigurationPlatforms) = preSolution
		Debug|Any CPU = Debug|Any CPU
		Release|Any CPU = Release|Any CPU
	EndGlobalSection
	GlobalSection(ProjectConfigurationPlatforms) = postSolution
		{85A19484-C856-4B19-A3F7-6102D1C8559A}.Debug|Any CPU.ActiveCfg = Debug|Any CPU
		{85A19484-C856-4B19-A3F7-6102D1C8559A}.Debug|Any CPU.Build.0 = Debug|Any CPU
		{85A19484-C856-4B19-A3F7-6102D1C8559A}.Release|Any CPU.ActiveCfg = Release|Any CPU
		{85A19484-C856-4B19-A3F7-6102D1C8559A}.Release|Any CPU.Build.0 = Release|Any CPU
	EndGlobalSection
	GlobalSection(SolutionProperties) = preSolution
		HideSolutionNode = FALSE
	EndGlobalSection
	GlobalSection(ExtensibilityGlobals) = postSolution
		SolutionGuid = {103084F0-0479-4735-B0D5-A708342A028B}
	EndGlobalSection
EndGlobal
