
Microsoft Visual Studio Solution File, Format Version 12.00
# Visual Studio Version 16
VisualStudioVersion = 16.0.34407.143
MinimumVisualStudioVersion = 10.0.40219.1
Project("{FAE04EC0-301F-11D3-BF4B-00C04F79EFBC}") = "login form", "login form\login form.csproj", "{7416C1DC-91B9-4170-A268-18A723CB4054}"
EndProject
Global
	GlobalSection(SolutionConfigurationPlatforms) = preSolution
		Debug|Any CPU = Debug|Any CPU
		Release|Any CPU = Release|Any CPU
	EndGlobalSection
	GlobalSection(ProjectConfigurationPlatforms) = postSolution
		{7416C1DC-91B9-4170-A268-18A723CB4054}.Debug|Any CPU.ActiveCfg = Debug|Any CPU
		{7416C1DC-91B9-4170-A268-18A723CB4054}.Debug|Any CPU.Build.0 = Debug|Any CPU
		{7416C1DC-91B9-4170-A268-18A723CB4054}.Release|Any CPU.ActiveCfg = Release|Any CPU
		{7416C1DC-91B9-4170-A268-18A723CB4054}.Release|Any CPU.Build.0 = Release|Any CPU
	EndGlobalSection
	GlobalSection(SolutionProperties) = preSolution
		HideSolutionNode = FALSE
	EndGlobalSection
	GlobalSection(ExtensibilityGlobals) = postSolution
		SolutionGuid = {5D6BE6AA-8F6B-4452-A806-C4018ABACA46}
	EndGlobalSection
EndGlobal
