
Microsoft Visual Studio Solution File, Format Version 12.00
# Visual Studio Version 16
VisualStudioVersion = 16.0.34407.143
MinimumVisualStudioVersion = 10.0.40219.1
Project("{FAE04EC0-301F-11D3-BF4B-00C04F79EFBC}") = "first code", "first code\first code.csproj", "{737972F5-E599-41AF-8F1F-3F58B1C1DA61}"
EndProject
Global
	GlobalSection(SolutionConfigurationPlatforms) = preSolution
		Debug|Any CPU = Debug|Any CPU
		Release|Any CPU = Release|Any CPU
	EndGlobalSection
	GlobalSection(ProjectConfigurationPlatforms) = postSolution
		{737972F5-E599-41AF-8F1F-3F58B1C1DA61}.Debug|Any CPU.ActiveCfg = Debug|Any CPU
		{737972F5-E599-41AF-8F1F-3F58B1C1DA61}.Debug|Any CPU.Build.0 = Debug|Any CPU
		{737972F5-E599-41AF-8F1F-3F58B1C1DA61}.Release|Any CPU.ActiveCfg = Release|Any CPU
		{737972F5-E599-41AF-8F1F-3F58B1C1DA61}.Release|Any CPU.Build.0 = Release|Any CPU
	EndGlobalSection
	GlobalSection(SolutionProperties) = preSolution
		HideSolutionNode = FALSE
	EndGlobalSection
	GlobalSection(ExtensibilityGlobals) = postSolution
		SolutionGuid = {F499CDBC-1725-4325-B3D4-29126A1DBCA1}
	EndGlobalSection
EndGlobal
